
Microsoft Visual Studio Solution File, Format Version 12.00
# Visual Studio Version 17
VisualStudioVersion = 17.6.33723.286
MinimumVisualStudioVersion = 10.0.40219.1
Project("{FAE04EC0-301F-11D3-BF4B-00C04F79EFBC}") = "ProyectoFinal", "ProyectoFinal\ProyectoFinal.csproj", "{865AFE56-8247-4B44-B4BE-B6FA54878B2B}"
EndProject
Global
	GlobalSection(SolutionConfigurationPlatforms) = preSolution
		Debug|Any CPU = Debug|Any CPU
		Release|Any CPU = Release|Any CPU
	EndGlobalSection
	GlobalSection(ProjectConfigurationPlatforms) = postSolution
		{865AFE56-8247-4B44-B4BE-B6FA54878B2B}.Debug|Any CPU.ActiveCfg = Debug|Any CPU
		{865AFE56-8247-4B44-B4BE-B6FA54878B2B}.Debug|Any CPU.Build.0 = Debug|Any CPU
		{865AFE56-8247-4B44-B4BE-B6FA54878B2B}.Release|Any CPU.ActiveCfg = Release|Any CPU
		{865AFE56-8247-4B44-B4BE-B6FA54878B2B}.Release|Any CPU.Build.0 = Release|Any CPU
	EndGlobalSection
	GlobalSection(SolutionProperties) = preSolution
		HideSolutionNode = FALSE
	EndGlobalSection
	GlobalSection(ExtensibilityGlobals) = postSolution
		SolutionGuid = {C54D8992-2AC5-4114-9F74-B240CA137019}
	EndGlobalSection
EndGlobal
